
Microsoft Visual Studio Solution File, Format Version 12.00
# Visual Studio Version 17
VisualStudioVersion = 17.5.002.0
MinimumVisualStudioVersion = 10.0.40219.1
Project("{2150E333-8FDC-42A3-9474-1A3956D46DE8}") = "sandbox", "sandbox", "{32234C11-F42B-40E7-BB9B-2D213464208C}"
EndProject
Project("{9A19103F-16F7-4668-BE54-9A1E7A4F7556}") = "sandbox_project", "sandbox\sandbox_project\sandbox_project.csproj", "{BE443BBB-DDA4-42B6-811E-6CE1525C9111}"
EndProject
Project("{2150E333-8FDC-42A3-9474-1A3956D46DE8}") = "week01", "week01", "{B5F42395-D6E8-43F8-A161-B5A8B47208A8}"
EndProject
Project("{9A19103F-16F7-4668-BE54-9A1E7A4F7556}") = "analyze", "week01\analyze\analyze.csproj", "{2112934D-AC80-4E1A-98CE-EC3058F52B80}"
EndProject
Project("{9A19103F-16F7-4668-BE54-9A1E7A4F7556}") = "code", "week01\code\code.csproj", "{BD67B20D-6F70-47FA-9DDC-778712642495}"
EndProject
Project("{9A19103F-16F7-4668-BE54-9A1E7A4F7556}") = "teach", "week01\teach\teach.csproj", "{5991BCE6-7632-4D1B-96B8-8898D076AE60}"
EndProject
Project("{2150E333-8FDC-42A3-9474-1A3956D46DE8}") = "week02", "week02", "{B964E62A-15F1-4C09-92B5-5F9BA1B3C6B8}"
EndProject
Project("{9A19103F-16F7-4668-BE54-9A1E7A4F7556}") = "analyze", "week02\analyze\analyze.csproj", "{76F1AC76-CC63-4608-8414-AD2C9948162A}"
EndProject
Project("{9A19103F-16F7-4668-BE54-9A1E7A4F7556}") = "code", "week02\code\code.csproj", "{CFC7342B-01AA-4045-A5D7-73EC88FA039F}"
EndProject
Project("{9A19103F-16F7-4668-BE54-9A1E7A4F7556}") = "learn", "week02\learn\learn.csproj", "{6D4F5EA0-BA0B-4FA6-9123-B09826FC1F5E}"
EndProject
Project("{9A19103F-16F7-4668-BE54-9A1E7A4F7556}") = "teach", "week02\teach\teach.csproj", "{329D0207-FED5-40BA-8A8B-A58707FAD5F7}"
EndProject
Project("{2150E333-8FDC-42A3-9474-1A3956D46DE8}") = "week03", "week03", "{710F4426-B741-4D5B-8DBE-D8C6D9EFBF81}"
EndProject
Project("{9A19103F-16F7-4668-BE54-9A1E7A4F7556}") = "code", "week03\code\code.csproj", "{474AC8FD-57F2-46AD-90EF-D786799B5185}"
EndProject
Project("{9A19103F-16F7-4668-BE54-9A1E7A4F7556}") = "learn", "week03\learn\learn.csproj", "{93A55299-D925-4627-8C13-D5EFDC817735}"
EndProject
Project("{9A19103F-16F7-4668-BE54-9A1E7A4F7556}") = "teach", "week03\teach\teach.csproj", "{B736C385-3231-4325-BAD2-8ACF57B452D8}"
EndProject
Project("{2150E333-8FDC-42A3-9474-1A3956D46DE8}") = "week04", "week04", "{1EFA9BF9-B1A1-4C69-A769-C12490BD85C9}"
EndProject
Project("{9A19103F-16F7-4668-BE54-9A1E7A4F7556}") = "code", "week04\code\code.csproj", "{611768FA-97B5-4CA2-A4AB-62AEA8F643A3}"
EndProject
Project("{2150E333-8FDC-42A3-9474-1A3956D46DE8}") = "week05", "week05", "{F154D97E-4A65-47D1-B553-9317C4B7AC73}"
EndProject
Project("{9A19103F-16F7-4668-BE54-9A1E7A4F7556}") = "code", "week05\code\code.csproj", "{84E4A325-1842-4B57-8B90-4240AC758BDF}"
EndProject
Project("{2150E333-8FDC-42A3-9474-1A3956D46DE8}") = "week06", "week06", "{0D52ADE1-BC7C-4FDF-A8E4-AF09CEBCFB01}"
EndProject
Project("{9A19103F-16F7-4668-BE54-9A1E7A4F7556}") = "code", "week06\code\code.csproj", "{8C18BAA8-51D2-446E-87F2-C3466641910A}"
EndProject
Global
	GlobalSection(SolutionConfigurationPlatforms) = preSolution
		Debug|Any CPU = Debug|Any CPU
		Release|Any CPU = Release|Any CPU
	EndGlobalSection
	GlobalSection(ProjectConfigurationPlatforms) = postSolution
		{BE443BBB-DDA4-42B6-811E-6CE1525C9111}.Debug|Any CPU.ActiveCfg = Debug|Any CPU
		{BE443BBB-DDA4-42B6-811E-6CE1525C9111}.Debug|Any CPU.Build.0 = Debug|Any CPU
		{BE443BBB-DDA4-42B6-811E-6CE1525C9111}.Release|Any CPU.ActiveCfg = Release|Any CPU
		{BE443BBB-DDA4-42B6-811E-6CE1525C9111}.Release|Any CPU.Build.0 = Release|Any CPU
		{2112934D-AC80-4E1A-98CE-EC3058F52B80}.Debug|Any CPU.ActiveCfg = Debug|Any CPU
		{2112934D-AC80-4E1A-98CE-EC3058F52B80}.Debug|Any CPU.Build.0 = Debug|Any CPU
		{2112934D-AC80-4E1A-98CE-EC3058F52B80}.Release|Any CPU.ActiveCfg = Release|Any CPU
		{2112934D-AC80-4E1A-98CE-EC3058F52B80}.Release|Any CPU.Build.0 = Release|Any CPU
		{BD67B20D-6F70-47FA-9DDC-778712642495}.Debug|Any CPU.ActiveCfg = Debug|Any CPU
		{BD67B20D-6F70-47FA-9DDC-778712642495}.Debug|Any CPU.Build.0 = Debug|Any CPU
		{BD67B20D-6F70-47FA-9DDC-778712642495}.Release|Any CPU.ActiveCfg = Release|Any CPU
		{BD67B20D-6F70-47FA-9DDC-778712642495}.Release|Any CPU.Build.0 = Release|Any CPU
		{5991BCE6-7632-4D1B-96B8-8898D076AE60}.Debug|Any CPU.ActiveCfg = Debug|Any CPU
		{5991BCE6-7632-4D1B-96B8-8898D076AE60}.Debug|Any CPU.Build.0 = Debug|Any CPU
		{5991BCE6-7632-4D1B-96B8-8898D076AE60}.Release|Any CPU.ActiveCfg = Release|Any CPU
		{5991BCE6-7632-4D1B-96B8-8898D076AE60}.Release|Any CPU.Build.0 = Release|Any CPU
		{76F1AC76-CC63-4608-8414-AD2C9948162A}.Debug|Any CPU.ActiveCfg = Debug|Any CPU
		{76F1AC76-CC63-4608-8414-AD2C9948162A}.Debug|Any CPU.Build.0 = Debug|Any CPU
		{76F1AC76-CC63-4608-8414-AD2C9948162A}.Release|Any CPU.ActiveCfg = Release|Any CPU
		{76F1AC76-CC63-4608-8414-AD2C9948162A}.Release|Any CPU.Build.0 = Release|Any CPU
		{CFC7342B-01AA-4045-A5D7-73EC88FA039F}.Debug|Any CPU.ActiveCfg = Debug|Any CPU
		{CFC7342B-01AA-4045-A5D7-73EC88FA039F}.Debug|Any CPU.Build.0 = Debug|Any CPU
		{CFC7342B-01AA-4045-A5D7-73EC88FA039F}.Release|Any CPU.ActiveCfg = Release|Any CPU
		{CFC7342B-01AA-4045-A5D7-73EC88FA039F}.Release|Any CPU.Build.0 = Release|Any CPU
		{6D4F5EA0-BA0B-4FA6-9123-B09826FC1F5E}.Debug|Any CPU.ActiveCfg = Debug|Any CPU
		{6D4F5EA0-BA0B-4FA6-9123-B09826FC1F5E}.Debug|Any CPU.Build.0 = Debug|Any CPU
		{6D4F5EA0-BA0B-4FA6-9123-B09826FC1F5E}.Release|Any CPU.ActiveCfg = Release|Any CPU
		{6D4F5EA0-BA0B-4FA6-9123-B09826FC1F5E}.Release|Any CPU.Build.0 = Release|Any CPU
		{329D0207-FED5-40BA-8A8B-A58707FAD5F7}.Debug|Any CPU.ActiveCfg = Debug|Any CPU
		{329D0207-FED5-40BA-8A8B-A58707FAD5F7}.Debug|Any CPU.Build.0 = Debug|Any CPU
		{329D0207-FED5-40BA-8A8B-A58707FAD5F7}.Release|Any CPU.ActiveCfg = Release|Any CPU
		{329D0207-FED5-40BA-8A8B-A58707FAD5F7}.Release|Any CPU.Build.0 = Release|Any CPU
		{474AC8FD-57F2-46AD-90EF-D786799B5185}.Debug|Any CPU.ActiveCfg = Debug|Any CPU
		{474AC8FD-57F2-46AD-90EF-D786799B5185}.Debug|Any CPU.Build.0 = Debug|Any CPU
		{474AC8FD-57F2-46AD-90EF-D786799B5185}.Release|Any CPU.ActiveCfg = Release|Any CPU
		{474AC8FD-57F2-46AD-90EF-D786799B5185}.Release|Any CPU.Build.0 = Release|Any CPU
		{93A55299-D925-4627-8C13-D5EFDC817735}.Debug|Any CPU.ActiveCfg = Debug|Any CPU
		{93A55299-D925-4627-8C13-D5EFDC817735}.Debug|Any CPU.Build.0 = Debug|Any CPU
		{93A55299-D925-4627-8C13-D5EFDC817735}.Release|Any CPU.ActiveCfg = Release|Any CPU
		{93A55299-D925-4627-8C13-D5EFDC817735}.Release|Any CPU.Build.0 = Release|Any CPU
		{B736C385-3231-4325-BAD2-8ACF57B452D8}.Debug|Any CPU.ActiveCfg = Debug|Any CPU
		{B736C385-3231-4325-BAD2-8ACF57B452D8}.Debug|Any CPU.Build.0 = Debug|Any CPU
		{B736C385-3231-4325-BAD2-8ACF57B452D8}.Release|Any CPU.ActiveCfg = Release|Any CPU
		{B736C385-3231-4325-BAD2-8ACF57B452D8}.Release|Any CPU.Build.0 = Release|Any CPU
		{611768FA-97B5-4CA2-A4AB-62AEA8F643A3}.Debug|Any CPU.ActiveCfg = Debug|Any CPU
		{611768FA-97B5-4CA2-A4AB-62AEA8F643A3}.Debug|Any CPU.Build.0 = Debug|Any CPU
		{611768FA-97B5-4CA2-A4AB-62AEA8F643A3}.Release|Any CPU.ActiveCfg = Release|Any CPU
		{611768FA-97B5-4CA2-A4AB-62AEA8F643A3}.Release|Any CPU.Build.0 = Release|Any CPU
		{84E4A325-1842-4B57-8B90-4240AC758BDF}.Debug|Any CPU.ActiveCfg = Debug|Any CPU
		{84E4A325-1842-4B57-8B90-4240AC758BDF}.Debug|Any CPU.Build.0 = Debug|Any CPU
		{84E4A325-1842-4B57-8B90-4240AC758BDF}.Release|Any CPU.ActiveCfg = Release|Any CPU
		{84E4A325-1842-4B57-8B90-4240AC758BDF}.Release|Any CPU.Build.0 = Release|Any CPU
		{8C18BAA8-51D2-446E-87F2-C3466641910A}.Debug|Any CPU.ActiveCfg = Debug|Any CPU
		{8C18BAA8-51D2-446E-87F2-C3466641910A}.Debug|Any CPU.Build.0 = Debug|Any CPU
		{8C18BAA8-51D2-446E-87F2-C3466641910A}.Release|Any CPU.ActiveCfg = Release|Any CPU
		{8C18BAA8-51D2-446E-87F2-C3466641910A}.Release|Any CPU.Build.0 = Release|Any CPU
	EndGlobalSection
	GlobalSection(SolutionProperties) = preSolution
		HideSolutionNode = FALSE
	EndGlobalSection
	GlobalSection(NestedProjects) = preSolution
		{BE443BBB-DDA4-42B6-811E-6CE1525C9111} = {32234C11-F42B-40E7-BB9B-2D213464208C}
		{2112934D-AC80-4E1A-98CE-EC3058F52B80} = {B5F42395-D6E8-43F8-A161-B5A8B47208A8}
		{BD67B20D-6F70-47FA-9DDC-778712642495} = {B5F42395-D6E8-43F8-A161-B5A8B47208A8}
		{5991BCE6-7632-4D1B-96B8-8898D076AE60} = {B5F42395-D6E8-43F8-A161-B5A8B47208A8}
		{76F1AC76-CC63-4608-8414-AD2C9948162A} = {B964E62A-15F1-4C09-92B5-5F9BA1B3C6B8}
		{CFC7342B-01AA-4045-A5D7-73EC88FA039F} = {B964E62A-15F1-4C09-92B5-5F9BA1B3C6B8}
		{6D4F5EA0-BA0B-4FA6-9123-B09826FC1F5E} = {B964E62A-15F1-4C09-92B5-5F9BA1B3C6B8}
		{329D0207-FED5-40BA-8A8B-A58707FAD5F7} = {B964E62A-15F1-4C09-92B5-5F9BA1B3C6B8}
		{474AC8FD-57F2-46AD-90EF-D786799B5185} = {710F4426-B741-4D5B-8DBE-D8C6D9EFBF81}
		{93A55299-D925-4627-8C13-D5EFDC817735} = {710F4426-B741-4D5B-8DBE-D8C6D9EFBF81}
		{B736C385-3231-4325-BAD2-8ACF57B452D8} = {710F4426-B741-4D5B-8DBE-D8C6D9EFBF81}
		{611768FA-97B5-4CA2-A4AB-62AEA8F643A3} = {1EFA9BF9-B1A1-4C69-A769-C12490BD85C9}
		{84E4A325-1842-4B57-8B90-4240AC758BDF} = {F154D97E-4A65-47D1-B553-9317C4B7AC73}
		{8C18BAA8-51D2-446E-87F2-C3466641910A} = {0D52ADE1-BC7C-4FDF-A8E4-AF09CEBCFB01}
	EndGlobalSection
	GlobalSection(ExtensibilityGlobals) = postSolution
		SolutionGuid = {19131C5A-04FC-4B3E-8B14-FEECD4969887}
	EndGlobalSection
EndGlobal
